
Microsoft Visual Studio Solution File, Format Version 12.00
# Visual Studio 15
VisualStudioVersion = 15.0.28306.52
MinimumVisualStudioVersion = 10.0.40219.1
Project("{FAE04EC0-301F-11D3-BF4B-00C04F79EFBC}") = "CompanySelf.Api", "Company.Api\CompanySelf.Api.csproj", "{D4E103FA-7019-4B91-BDDA-AAB77734007A}"
EndProject
Project("{FAE04EC0-301F-11D3-BF4B-00C04F79EFBC}") = "CompanySelf.Infrastructure", "Company.Infrastructure\CompanySelf.Infrastructure.csproj", "{CA903776-3485-480C-B0C9-389643563556}"
EndProject
Project("{FAE04EC0-301F-11D3-BF4B-00C04F79EFBC}") = "CompanySelf.Core", "Company.Core\CompanySelf.Core.csproj", "{FC3BBFBC-9AAC-4FF3-9E90-7925001A3915}"
EndProject
Global
	GlobalSection(SolutionConfigurationPlatforms) = preSolution
		Debug|Any CPU = Debug|Any CPU
		Release|Any CPU = Release|Any CPU
	EndGlobalSection
	GlobalSection(ProjectConfigurationPlatforms) = postSolution
		{D4E103FA-7019-4B91-BDDA-AAB77734007A}.Debug|Any CPU.ActiveCfg = Debug|Any CPU
		{D4E103FA-7019-4B91-BDDA-AAB77734007A}.Debug|Any CPU.Build.0 = Debug|Any CPU
		{D4E103FA-7019-4B91-BDDA-AAB77734007A}.Release|Any CPU.ActiveCfg = Release|Any CPU
		{D4E103FA-7019-4B91-BDDA-AAB77734007A}.Release|Any CPU.Build.0 = Release|Any CPU
		{CA903776-3485-480C-B0C9-389643563556}.Debug|Any CPU.ActiveCfg = Debug|Any CPU
		{CA903776-3485-480C-B0C9-389643563556}.Debug|Any CPU.Build.0 = Debug|Any CPU
		{CA903776-3485-480C-B0C9-389643563556}.Release|Any CPU.ActiveCfg = Release|Any CPU
		{CA903776-3485-480C-B0C9-389643563556}.Release|Any CPU.Build.0 = Release|Any CPU
		{FC3BBFBC-9AAC-4FF3-9E90-7925001A3915}.Debug|Any CPU.ActiveCfg = Debug|Any CPU
		{FC3BBFBC-9AAC-4FF3-9E90-7925001A3915}.Debug|Any CPU.Build.0 = Debug|Any CPU
		{FC3BBFBC-9AAC-4FF3-9E90-7925001A3915}.Release|Any CPU.ActiveCfg = Release|Any CPU
		{FC3BBFBC-9AAC-4FF3-9E90-7925001A3915}.Release|Any CPU.Build.0 = Release|Any CPU
	EndGlobalSection
	GlobalSection(SolutionProperties) = preSolution
		HideSolutionNode = FALSE
	EndGlobalSection
	GlobalSection(ExtensibilityGlobals) = postSolution
		SolutionGuid = {74DD3C23-4A0A-4C51-AAF1-F2E4171DDC56}
	EndGlobalSection
EndGlobal
